
Microsoft Visual Studio Solution File, Format Version 12.00
# Visual Studio Version 17
VisualStudioVersion = 17.9.34728.123
MinimumVisualStudioVersion = 10.0.40219.1
Project("{FAE04EC0-301F-11D3-BF4B-00C04F79EFBC}") = "PocApplication", "PocApplication\PocApplication.csproj", "{FA6ECE42-B85F-4341-B8BB-1FD58651B6C5}"
EndProject
Global
	GlobalSection(SolutionConfigurationPlatforms) = preSolution
		Debug|Any CPU = Debug|Any CPU
		Release|Any CPU = Release|Any CPU
	EndGlobalSection
	GlobalSection(ProjectConfigurationPlatforms) = postSolution
		{FA6ECE42-B85F-4341-B8BB-1FD58651B6C5}.Debug|Any CPU.ActiveCfg = Debug|Any CPU
		{FA6ECE42-B85F-4341-B8BB-1FD58651B6C5}.Debug|Any CPU.Build.0 = Debug|Any CPU
		{FA6ECE42-B85F-4341-B8BB-1FD58651B6C5}.Release|Any CPU.ActiveCfg = Release|Any CPU
		{FA6ECE42-B85F-4341-B8BB-1FD58651B6C5}.Release|Any CPU.Build.0 = Release|Any CPU
	EndGlobalSection
	GlobalSection(SolutionProperties) = preSolution
		HideSolutionNode = FALSE
	EndGlobalSection
	GlobalSection(ExtensibilityGlobals) = postSolution
		SolutionGuid = {A38923DF-C7FE-4BF0-8023-A98B8C2350B3}
	EndGlobalSection
EndGlobal
